
Microsoft Visual Studio Solution File, Format Version 12.00
# Visual Studio 15
Project("{FAE04EC0-301F-11D3-BF4B-00C04F79EFBC}") = "PracticalCodingTest.App.Android", "PracticalCodingTest.Android\PracticalCodingTest.App.Android.csproj", "{C55C153C-4118-4D02-8301-B6F9977E604F}"
EndProject
Project("{FAE04EC0-301F-11D3-BF4B-00C04F79EFBC}") = "PracticalCodingTest.App.iOS", "PracticalCodingTest.iOS\PracticalCodingTest.App.iOS.csproj", "{88C422AD-05A0-4E45-8591-52656E0E2047}"
EndProject
Project("{D954291E-2A0B-460D-934E-DC6B0785DB48}") = "PracticalCodingTest.Core", "PracticalCodingTest.Core\PracticalCodingTest.Core.shproj", "{90FE5D97-C239-48A7-82AE-EA9F1E6BBAB6}"
EndProject
Global
	GlobalSection(SolutionConfigurationPlatforms) = preSolution
		Debug|Any CPU = Debug|Any CPU
		Release|Any CPU = Release|Any CPU
		Debug|iPhoneSimulator = Debug|iPhoneSimulator
		Release|iPhoneSimulator = Release|iPhoneSimulator
		Debug|iPhone = Debug|iPhone
		Release|iPhone = Release|iPhone
		Ad-Hoc|iPhone = Ad-Hoc|iPhone
		AppStore|iPhone = AppStore|iPhone
	EndGlobalSection
	GlobalSection(ProjectConfigurationPlatforms) = postSolution
		{C55C153C-4118-4D02-8301-B6F9977E604F}.Debug|Any CPU.ActiveCfg = Debug|Any CPU
		{C55C153C-4118-4D02-8301-B6F9977E604F}.Debug|Any CPU.Build.0 = Debug|Any CPU
		{C55C153C-4118-4D02-8301-B6F9977E604F}.Release|Any CPU.ActiveCfg = Release|Any CPU
		{C55C153C-4118-4D02-8301-B6F9977E604F}.Release|Any CPU.Build.0 = Release|Any CPU
		{C55C153C-4118-4D02-8301-B6F9977E604F}.Debug|iPhoneSimulator.ActiveCfg = Debug|Any CPU
		{C55C153C-4118-4D02-8301-B6F9977E604F}.Debug|iPhoneSimulator.Build.0 = Debug|Any CPU
		{C55C153C-4118-4D02-8301-B6F9977E604F}.Release|iPhoneSimulator.ActiveCfg = Release|Any CPU
		{C55C153C-4118-4D02-8301-B6F9977E604F}.Release|iPhoneSimulator.Build.0 = Release|Any CPU
		{C55C153C-4118-4D02-8301-B6F9977E604F}.Debug|iPhone.ActiveCfg = Debug|Any CPU
		{C55C153C-4118-4D02-8301-B6F9977E604F}.Debug|iPhone.Build.0 = Debug|Any CPU
		{C55C153C-4118-4D02-8301-B6F9977E604F}.Release|iPhone.ActiveCfg = Release|Any CPU
		{C55C153C-4118-4D02-8301-B6F9977E604F}.Release|iPhone.Build.0 = Release|Any CPU
		{C55C153C-4118-4D02-8301-B6F9977E604F}.Ad-Hoc|iPhone.ActiveCfg = Debug|Any CPU
		{C55C153C-4118-4D02-8301-B6F9977E604F}.Ad-Hoc|iPhone.Build.0 = Debug|Any CPU
		{C55C153C-4118-4D02-8301-B6F9977E604F}.AppStore|iPhone.ActiveCfg = Debug|Any CPU
		{C55C153C-4118-4D02-8301-B6F9977E604F}.AppStore|iPhone.Build.0 = Debug|Any CPU
		{88C422AD-05A0-4E45-8591-52656E0E2047}.Debug|Any CPU.ActiveCfg = Debug|iPhoneSimulator
		{88C422AD-05A0-4E45-8591-52656E0E2047}.Debug|Any CPU.Build.0 = Debug|iPhoneSimulator
		{88C422AD-05A0-4E45-8591-52656E0E2047}.Release|Any CPU.ActiveCfg = Release|iPhoneSimulator
		{88C422AD-05A0-4E45-8591-52656E0E2047}.Release|Any CPU.Build.0 = Release|iPhoneSimulator
		{88C422AD-05A0-4E45-8591-52656E0E2047}.Debug|iPhoneSimulator.ActiveCfg = Debug|iPhoneSimulator
		{88C422AD-05A0-4E45-8591-52656E0E2047}.Debug|iPhoneSimulator.Build.0 = Debug|iPhoneSimulator
		{88C422AD-05A0-4E45-8591-52656E0E2047}.Release|iPhoneSimulator.ActiveCfg = Release|iPhoneSimulator
		{88C422AD-05A0-4E45-8591-52656E0E2047}.Release|iPhoneSimulator.Build.0 = Release|iPhoneSimulator
		{88C422AD-05A0-4E45-8591-52656E0E2047}.Debug|iPhone.ActiveCfg = Debug|iPhone
		{88C422AD-05A0-4E45-8591-52656E0E2047}.Debug|iPhone.Build.0 = Debug|iPhone
		{88C422AD-05A0-4E45-8591-52656E0E2047}.Release|iPhone.ActiveCfg = Release|iPhone
		{88C422AD-05A0-4E45-8591-52656E0E2047}.Release|iPhone.Build.0 = Release|iPhone
		{88C422AD-05A0-4E45-8591-52656E0E2047}.Ad-Hoc|iPhone.ActiveCfg = Ad-Hoc|iPhone
		{88C422AD-05A0-4E45-8591-52656E0E2047}.Ad-Hoc|iPhone.Build.0 = Ad-Hoc|iPhone
		{88C422AD-05A0-4E45-8591-52656E0E2047}.AppStore|iPhone.ActiveCfg = AppStore|iPhone
		{88C422AD-05A0-4E45-8591-52656E0E2047}.AppStore|iPhone.Build.0 = AppStore|iPhone
	EndGlobalSection
EndGlobal
